// !$*UTF8*$!
{
	archiveVersion = 1;
	classes = {
	};
	objectVersion = 56;
	objects = {

/* Begin PBXBuildFile section */
		B5D7C8042C7D88F500C5BE45 /* AppDelegate.swift in Sources */ = {isa = PBXBuildFile; fileRef = B5D7C8032C7D88F500C5BE45 /* AppDelegate.swift */; };
		B5D7C8062C7D88F500C5BE45 /* SceneDelegate.swift in Sources */ = {isa = PBXBuildFile; fileRef = B5D7C8052C7D88F500C5BE45 /* SceneDelegate.swift */; };
		B5D7C8082C7D88F500C5BE45 /* ViewController.swift in Sources */ = {isa = PBXBuildFile; fileRef = B5D7C8072C7D88F500C5BE45 /* ViewController.swift */; };
		B5D7C80B2C7D88F500C5BE45 /* Base in Resources */ = {isa = PBXBuildFile; fileRef = B5D7C80A2C7D88F500C5BE45 /* Base */; };
		B5D7C80D2C7D88F600C5BE45 /* Assets.xcassets in Resources */ = {isa = PBXBuildFile; fileRef = B5D7C80C2C7D88F600C5BE45 /* Assets.xcassets */; };
		B5D7C8102C7D88F600C5BE45 /* Base in Resources */ = {isa = PBXBuildFile; fileRef = B5D7C80F2C7D88F600C5BE45 /* Base */; };
		B5D7C81B2C7D88F600C5BE45 /* DviveTests.swift in Sources */ = {isa = PBXBuildFile; fileRef = B5D7C81A2C7D88F600C5BE45 /* DviveTests.swift */; };
		B5D7C8252C7D88F600C5BE45 /* DviveUITests.swift in Sources */ = {isa = PBXBuildFile; fileRef = B5D7C8242C7D88F600C5BE45 /* DviveUITests.swift */; };
		B5D7C8272C7D88F600C5BE45 /* DviveUITestsLaunchTests.swift in Sources */ = {isa = PBXBuildFile; fileRef = B5D7C8262C7D88F600C5BE45 /* DviveUITestsLaunchTests.swift */; };
/* End PBXBuildFile section */

/* Begin PBXContainerItemProxy section */
		B5D7C8172C7D88F600C5BE45 /* PBXContainerItemProxy */ = {
			isa = PBXContainerItemProxy;
			containerPortal = B5D7C7F82C7D88F500C5BE45 /* Project object */;
			proxyType = 1;
			remoteGlobalIDString = B5D7C7FF2C7D88F500C5BE45;
			remoteInfo = Dvive;
		};
		B5D7C8212C7D88F600C5BE45 /* PBXContainerItemProxy */ = {
			isa = PBXContainerItemProxy;
			containerPortal = B5D7C7F82C7D88F500C5BE45 /* Project object */;
			proxyType = 1;
			remoteGlobalIDString = B5D7C7FF2C7D88F500C5BE45;
			remoteInfo = Dvive;
		};
/* End PBXContainerItemProxy section */

/* Begin PBXFileReference section */
		B5D7C8002C7D88F500C5BE45 /* Dvive.app */ = {isa = PBXFileReference; explicitFileType = wrapper.application; includeInIndex = 0; path = Dvive.app; sourceTree = BUILT_PRODUCTS_DIR; };
		B5D7C8032C7D88F500C5BE45 /* AppDelegate.swift */ = {isa = PBXFileReference; lastKnownFileType = sourcecode.swift; path = AppDelegate.swift; sourceTree = "<group>"; };
		B5D7C8052C7D88F500C5BE45 /* SceneDelegate.swift */ = {isa = PBXFileReference; lastKnownFileType = sourcecode.swift; path = SceneDelegate.swift; sourceTree = "<group>"; };
		B5D7C8072C7D88F500C5BE45 /* ViewController.swift */ = {isa = PBXFileReference; lastKnownFileType = sourcecode.swift; path = ViewController.swift; sourceTree = "<group>"; };
		B5D7C80A2C7D88F500C5BE45 /* Base */ = {isa = PBXFileReference; lastKnownFileType = file.storyboard; name = Base; path = Base.lproj/Main.storyboard; sourceTree = "<group>"; };
		B5D7C80C2C7D88F600C5BE45 /* Assets.xcassets */ = {isa = PBXFileReference; lastKnownFileType = folder.assetcatalog; path = Assets.xcassets; sourceTree = "<group>"; };
		B5D7C80F2C7D88F600C5BE45 /* Base */ = {isa = PBXFileReference; lastKnownFileType = file.storyboard; name = Base; path = Base.lproj/LaunchScreen.storyboard; sourceTree = "<group>"; };
		B5D7C8112C7D88F600C5BE45 /* Info.plist */ = {isa = PBXFileReference; lastKnownFileType = text.plist.xml; path = Info.plist; sourceTree = "<group>"; };
		B5D7C8162C7D88F600C5BE45 /* DviveTests.xctest */ = {isa = PBXFileReference; explicitFileType = wrapper.cfbundle; includeInIndex = 0; path = DviveTests.xctest; sourceTree = BUILT_PRODUCTS_DIR; };
		B5D7C81A2C7D88F600C5BE45 /* DviveTests.swift */ = {isa = PBXFileReference; lastKnownFileType = sourcecode.swift; path = DviveTests.swift; sourceTree = "<group>"; };
		B5D7C8202C7D88F600C5BE45 /* DviveUITests.xctest */ = {isa = PBXFileReference; explicitFileType = wrapper.cfbundle; includeInIndex = 0; path = DviveUITests.xctest; sourceTree = BUILT_PRODUCTS_DIR; };
		B5D7C8242C7D88F600C5BE45 /* DviveUITests.swift */ = {isa = PBXFileReference; lastKnownFileType = sourcecode.swift; path = DviveUITests.swift; sourceTree = "<group>"; };
		B5D7C8262C7D88F600C5BE45 /* DviveUITestsLaunchTests.swift */ = {isa = PBXFileReference; lastKnownFileType = sourcecode.swift; path = DviveUITestsLaunchTests.swift; sourceTree = "<group>"; };
/* End PBXFileReference section */

/* Begin PBXFrameworksBuildPhase section */
		B5D7C7FD2C7D88F500C5BE45 /* Frameworks */ = {
			isa = PBXFrameworksBuildPhase;
			buildActionMask = 2147483647;
			files = (
			);
			runOnlyForDeploymentPostprocessing = 0;
		};
		B5D7C8132C7D88F600C5BE45 /* Frameworks */ = {
			isa = PBXFrameworksBuildPhase;
			buildActionMask = 2147483647;
			files = (
			);
			runOnlyForDeploymentPostprocessing = 0;
		};
		B5D7C81D2C7D88F600C5BE45 /* Frameworks */ = {
			isa = PBXFrameworksBuildPhase;
			buildActionMask = 2147483647;
			files = (
			);
			runOnlyForDeploymentPostprocessing = 0;
		};
/* End PBXFrameworksBuildPhase section */

/* Begin PBXGroup section */
		B5D7C7F72C7D88F500C5BE45 = {
			isa = PBXGroup;
			children = (
				B5D7C8022C7D88F500C5BE45 /* Dvive */,
				B5D7C8192C7D88F600C5BE45 /* DviveTests */,
				B5D7C8232C7D88F600C5BE45 /* DviveUITests */,
				B5D7C8012C7D88F500C5BE45 /* Products */,
			);
			sourceTree = "<group>";
		};
		B5D7C8012C7D88F500C5BE45 /* Products */ = {
			isa = PBXGroup;
			children = (
				B5D7C8002C7D88F500C5BE45 /* Dvive.app */,
				B5D7C8162C7D88F600C5BE45 /* DviveTests.xctest */,
				B5D7C8202C7D88F600C5BE45 /* DviveUITests.xctest */,
			);
			name = Products;
			sourceTree = "<group>";
		};
		B5D7C8022C7D88F500C5BE45 /* Dvive */ = {
			isa = PBXGroup;
			children = (
				B5D7C8032C7D88F500C5BE45 /* AppDelegate.swift */,
				B5D7C8052C7D88F500C5BE45 /* SceneDelegate.swift */,
				B5D7C8072C7D88F500C5BE45 /* ViewController.swift */,
				B5D7C8092C7D88F500C5BE45 /* Main.storyboard */,
				B5D7C80C2C7D88F600C5BE45 /* Assets.xcassets */,
				B5D7C80E2C7D88F600C5BE45 /* LaunchScreen.storyboard */,
				B5D7C8112C7D88F600C5BE45 /* Info.plist */,
			);
			path = Dvive;
			sourceTree = "<group>";
		};
		B5D7C8192C7D88F600C5BE45 /* DviveTests */ = {
			isa = PBXGroup;
			children = (
				B5D7C81A2C7D88F600C5BE45 /* DviveTests.swift */,
			);
			path = DviveTests;
			sourceTree = "<group>";
		};
		B5D7C8232C7D88F600C5BE45 /* DviveUITests */ = {
			isa = PBXGroup;
			children = (
				B5D7C8242C7D88F600C5BE45 /* DviveUITests.swift */,
				B5D7C8262C7D88F600C5BE45 /* DviveUITestsLaunchTests.swift */,
			);
			path = DviveUITests;
			sourceTree = "<group>";
		};
/* End PBXGroup section */

/* Begin PBXNativeTarget section */
		B5D7C7FF2C7D88F500C5BE45 /* Dvive */ = {
			isa = PBXNativeTarget;
			buildConfigurationList = B5D7C82A2C7D88F600C5BE45 /* Build configuration list for PBXNativeTarget "Dvive" */;
			buildPhases = (
				B5D7C7FC2C7D88F500C5BE45 /* Sources */,
				B5D7C7FD2C7D88F500C5BE45 /* Frameworks */,
				B5D7C7FE2C7D88F500C5BE45 /* Resources */,
			);
			buildRules = (
			);
			dependencies = (
			);
			name = Dvive;
			productName = Dvive;
			productReference = B5D7C8002C7D88F500C5BE45 /* Dvive.app */;
			productType = "com.apple.product-type.application";
		};
		B5D7C8152C7D88F600C5BE45 /* DviveTests */ = {
			isa = PBXNativeTarget;
			buildConfigurationList = B5D7C82D2C7D88F600C5BE45 /* Build configuration list for PBXNativeTarget "DviveTests" */;
			buildPhases = (
				B5D7C8122C7D88F600C5BE45 /* Sources */,
				B5D7C8132C7D88F600C5BE45 /* Frameworks */,
				B5D7C8142C7D88F600C5BE45 /* Resources */,
			);
			buildRules = (
			);
			dependencies = (
				B5D7C8182C7D88F600C5BE45 /* PBXTargetDependency */,
			);
			name = DviveTests;
			productName = DviveTests;
			productReference = B5D7C8162C7D88F600C5BE45 /* DviveTests.xctest */;
			productType = "com.apple.product-type.bundle.unit-test";
		};
		B5D7C81F2C7D88F600C5BE45 /* DviveUITests */ = {
			isa = PBXNativeTarget;
			buildConfigurationList = B5D7C8302C7D88F600C5BE45 /* Build configuration list for PBXNativeTarget "DviveUITests" */;
			buildPhases = (
				B5D7C81C2C7D88F600C5BE45 /* Sources */,
				B5D7C81D2C7D88F600C5BE45 /* Frameworks */,
				B5D7C81E2C7D88F600C5BE45 /* Resources */,
			);
			buildRules = (
			);
			dependencies = (
				B5D7C8222C7D88F600C5BE45 /* PBXTargetDependency */,
			);
			name = DviveUITests;
			productName = DviveUITests;
			productReference = B5D7C8202C7D88F600C5BE45 /* DviveUITests.xctest */;
			productType = "com.apple.product-type.bundle.ui-testing";
		};
/* End PBXNativeTarget section */

/* Begin PBXProject section */
		B5D7C7F82C7D88F500C5BE45 /* Project object */ = {
			isa = PBXProject;
			attributes = {
				BuildIndependentTargetsInParallel = 1;
				LastSwiftUpdateCheck = 1540;
				LastUpgradeCheck = 1540;
				TargetAttributes = {
					B5D7C7FF2C7D88F500C5BE45 = {
						CreatedOnToolsVersion = 15.4;
					};
					B5D7C8152C7D88F600C5BE45 = {
						CreatedOnToolsVersion = 15.4;
						TestTargetID = B5D7C7FF2C7D88F500C5BE45;
					};
					B5D7C81F2C7D88F600C5BE45 = {
						CreatedOnToolsVersion = 15.4;
						TestTargetID = B5D7C7FF2C7D88F500C5BE45;
					};
				};
			};
			buildConfigurationList = B5D7C7FB2C7D88F500C5BE45 /* Build configuration list for PBXProject "Dvive" */;
			compatibilityVersion = "Xcode 14.0";
			developmentRegion = en;
			hasScannedForEncodings = 0;
			knownRegions = (
				en,
				Base,
			);
			mainGroup = B5D7C7F72C7D88F500C5BE45;
			productRefGroup = B5D7C8012C7D88F500C5BE45 /* Products */;
			projectDirPath = "";
			projectRoot = "";
			targets = (
				B5D7C7FF2C7D88F500C5BE45 /* Dvive */,
				B5D7C8152C7D88F600C5BE45 /* DviveTests */,
				B5D7C81F2C7D88F600C5BE45 /* DviveUITests */,
			);
		};
/* End PBXProject section */

/* Begin PBXResourcesBuildPhase section */
		B5D7C7FE2C7D88F500C5BE45 /* Resources */ = {
			isa = PBXResourcesBuildPhase;
			buildActionMask = 2147483647;
			files = (
				B5D7C80D2C7D88F600C5BE45 /* Assets.xcassets in Resources */,
				B5D7C8102C7D88F600C5BE45 /* Base in Resources */,
				B5D7C80B2C7D88F500C5BE45 /* Base in Resources */,
			);
			runOnlyForDeploymentPostprocessing = 0;
		};
		B5D7C8142C7D88F600C5BE45 /* Resources */ = {
			isa = PBXResourcesBuildPhase;
			buildActionMask = 2147483647;
			files = (
			);
			runOnlyForDeploymentPostprocessing = 0;
		};
		B5D7C81E2C7D88F600C5BE45 /* Resources */ = {
			isa = PBXResourcesBuildPhase;
			buildActionMask = 2147483647;
			files = (
			);
			runOnlyForDeploymentPostprocessing = 0;
		};
/* End PBXResourcesBuildPhase section */

/* Begin PBXSourcesBuildPhase section */
		B5D7C7FC2C7D88F500C5BE45 /* Sources */ = {
			isa = PBXSourcesBuildPhase;
			buildActionMask = 2147483647;
			files = (
				B5D7C8082C7D88F500C5BE45 /* ViewController.swift in Sources */,
				B5D7C8042C7D88F500C5BE45 /* AppDelegate.swift in Sources */,
				B5D7C8062C7D88F500C5BE45 /* SceneDelegate.swift in Sources */,
			);
			runOnlyForDeploymentPostprocessing = 0;
		};
		B5D7C8122C7D88F600C5BE45 /* Sources */ = {
			isa = PBXSourcesBuildPhase;
			buildActionMask = 2147483647;
			files = (
				B5D7C81B2C7D88F600C5BE45 /* DviveTests.swift in Sources */,
			);
			runOnlyForDeploymentPostprocessing = 0;
		};
		B5D7C81C2C7D88F600C5BE45 /* Sources */ = {
			isa = PBXSourcesBuildPhase;
			buildActionMask = 2147483647;
			files = (
				B5D7C8252C7D88F600C5BE45 /* DviveUITests.swift in Sources */,
				B5D7C8272C7D88F600C5BE45 /* DviveUITestsLaunchTests.swift in Sources */,
			);
			runOnlyForDeploymentPostprocessing = 0;
		};
/* End PBXSourcesBuildPhase section */

/* Begin PBXTargetDependency section */
		B5D7C8182C7D88F600C5BE45 /* PBXTargetDependency */ = {
			isa = PBXTargetDependency;
			target = B5D7C7FF2C7D88F500C5BE45 /* Dvive */;
			targetProxy = B5D7C8172C7D88F600C5BE45 /* PBXContainerItemProxy */;
		};
		B5D7C8222C7D88F600C5BE45 /* PBXTargetDependency */ = {
			isa = PBXTargetDependency;
			target = B5D7C7FF2C7D88F500C5BE45 /* Dvive */;
			targetProxy = B5D7C8212C7D88F600C5BE45 /* PBXContainerItemProxy */;
		};
/* End PBXTargetDependency section */

/* Begin PBXVariantGroup section */
		B5D7C8092C7D88F500C5BE45 /* Main.storyboard */ = {
			isa = PBXVariantGroup;
			children = (
				B5D7C80A2C7D88F500C5BE45 /* Base */,
			);
			name = Main.storyboard;
			sourceTree = "<group>";
		};
		B5D7C80E2C7D88F600C5BE45 /* LaunchScreen.storyboard */ = {
			isa = PBXVariantGroup;
			children = (
				B5D7C80F2C7D88F600C5BE45 /* Base */,
			);
			name = LaunchScreen.storyboard;
			sourceTree = "<group>";
		};
/* End PBXVariantGroup section */

/* Begin XCBuildConfiguration section */
		B5D7C8282C7D88F600C5BE45 /* Debug */ = {
			isa = XCBuildConfiguration;
			buildSettings = {
				ALWAYS_SEARCH_USER_PATHS = NO;
				ASSETCATALOG_COMPILER_GENERATE_SWIFT_ASSET_SYMBOL_EXTENSIONS = YES;
				CLANG_ANALYZER_NONNULL = YES;
				CLANG_ANALYZER_NUMBER_OBJECT_CONVERSION = YES_AGGRESSIVE;
				CLANG_CXX_LANGUAGE_STANDARD = "gnu++20";
				CLANG_ENABLE_MODULES = YES;
				CLANG_ENABLE_OBJC_ARC = YES;
				CLANG_ENABLE_OBJC_WEAK = YES;
				CLANG_WARN_BLOCK_CAPTURE_AUTORELEASING = YES;
				CLANG_WARN_BOOL_CONVERSION = YES;
				CLANG_WARN_COMMA = YES;
				CLANG_WARN_CONSTANT_CONVERSION = YES;
				CLANG_WARN_DEPRECATED_OBJC_IMPLEMENTATIONS = YES;
				CLANG_WARN_DIRECT_OBJC_ISA_USAGE = YES_ERROR;
				CLANG_WARN_DOCUMENTATION_COMMENTS = YES;
				CLANG_WARN_EMPTY_BODY = YES;
				CLANG_WARN_ENUM_CONVERSION = YES;
				CLANG_WARN_INFINITE_RECURSION = YES;
				CLANG_WARN_INT_CONVERSION = YES;
				CLANG_WARN_NON_LITERAL_NULL_CONVERSION = YES;
				CLANG_WARN_OBJC_IMPLICIT_RETAIN_SELF = YES;
				CLANG_WARN_OBJC_LITERAL_CONVERSION = YES;
				CLANG_WARN_OBJC_ROOT_CLASS = YES_ERROR;
				CLANG_WARN_QUOTED_INCLUDE_IN_FRAMEWORK_HEADER = YES;
				CLANG_WARN_RANGE_LOOP_ANALYSIS = YES;
				CLANG_WARN_STRICT_PROTOTYPES = YES;
				CLANG_WARN_SUSPICIOUS_MOVE = YES;
				CLANG_WARN_UNGUARDED_AVAILABILITY = YES_AGGRESSIVE;
				CLANG_WARN_UNREACHABLE_CODE = YES;
				CLANG_WARN__DUPLICATE_METHOD_MATCH = YES;
				COPY_PHASE_STRIP = NO;
				DEBUG_INFORMATION_FORMAT = dwarf;
				ENABLE_STRICT_OBJC_MSGSEND = YES;
				ENABLE_TESTABILITY = YES;
				ENABLE_USER_SCRIPT_SANDBOXING = YES;
				GCC_C_LANGUAGE_STANDARD = gnu17;
				GCC_DYNAMIC_NO_PIC = NO;
				GCC_NO_COMMON_BLOCKS = YES;
				GCC_OPTIMIZATION_LEVEL = 0;
				GCC_PREPROCESSOR_DEFINITIONS = (
					"DEBUG=1",
					"$(inherited)",
				);
				GCC_WARN_64_TO_32_BIT_CONVERSION = YES;
				GCC_WARN_ABOUT_RETURN_TYPE = YES_ERROR;
				GCC_WARN_UNDECLARED_SELECTOR = YES;
				GCC_WARN_UNINITIALIZED_AUTOS = YES_AGGRESSIVE;
				GCC_WARN_UNUSED_FUNCTION = YES;
				GCC_WARN_UNUSED_VARIABLE = YES;
				IPHONEOS_DEPLOYMENT_TARGET = 17.5;
				LOCALIZATION_PREFERS_STRING_CATALOGS = YES;
				MTL_ENABLE_DEBUG_INFO = INCLUDE_SOURCE;
				MTL_FAST_MATH = YES;
				ONLY_ACTIVE_ARCH = YES;
				SDKROOT = iphoneos;
				SWIFT_ACTIVE_COMPILATION_CONDITIONS = "DEBUG $(inherited)";
				SWIFT_OPTIMIZATION_LEVEL = "-Onone";
			};
			name = Debug;
		};
		B5D7C8292C7D88F600C5BE45 /* Release */ = {
			isa = XCBuildConfiguration;
			buildSettings = {
				ALWAYS_SEARCH_USER_PATHS = NO;
				ASSETCATALOG_COMPILER_GENERATE_SWIFT_ASSET_SYMBOL_EXTENSIONS = YES;
				CLANG_ANALYZER_NONNULL = YES;
				CLANG_ANALYZER_NUMBER_OBJECT_CONVERSION = YES_AGGRESSIVE;
				CLANG_CXX_LANGUAGE_STANDARD = "gnu++20";
				CLANG_ENABLE_MODULES = YES;
				CLANG_ENABLE_OBJC_ARC = YES;
				CLANG_ENABLE_OBJC_WEAK = YES;
				CLANG_WARN_BLOCK_CAPTURE_AUTORELEASING = YES;
				CLANG_WARN_BOOL_CONVERSION = YES;
				CLANG_WARN_COMMA = YES;
				CLANG_WARN_CONSTANT_CONVERSION = YES;
				CLANG_WARN_DEPRECATED_OBJC_IMPLEMENTATIONS = YES;
				CLANG_WARN_DIRECT_OBJC_ISA_USAGE = YES_ERROR;
				CLANG_WARN_DOCUMENTATION_COMMENTS = YES;
				CLANG_WARN_EMPTY_BODY = YES;
				CLANG_WARN_ENUM_CONVERSION = YES;
				CLANG_WARN_INFINITE_RECURSION = YES;
				CLANG_WARN_INT_CONVERSION = YES;
				CLANG_WARN_NON_LITERAL_NULL_CONVERSION = YES;
				CLANG_WARN_OBJC_IMPLICIT_RETAIN_SELF = YES;
				CLANG_WARN_OBJC_LITERAL_CONVERSION = YES;
				CLANG_WARN_OBJC_ROOT_CLASS = YES_ERROR;
				CLANG_WARN_QUOTED_INCLUDE_IN_FRAMEWORK_HEADER = YES;
				CLANG_WARN_RANGE_LOOP_ANALYSIS = YES;
				CLANG_WARN_STRICT_PROTOTYPES = YES;
				CLANG_WARN_SUSPICIOUS_MOVE = YES;
				CLANG_WARN_UNGUARDED_AVAILABILITY = YES_AGGRESSIVE;
				CLANG_WARN_UNREACHABLE_CODE = YES;
				CLANG_WARN__DUPLICATE_METHOD_MATCH = YES;
				COPY_PHASE_STRIP = NO;
				DEBUG_INFORMATION_FORMAT = "dwarf-with-dsym";
				ENABLE_NS_ASSERTIONS = NO;
				ENABLE_STRICT_OBJC_MSGSEND = YES;
				ENABLE_USER_SCRIPT_SANDBOXING = YES;
				GCC_C_LANGUAGE_STANDARD = gnu17;
				GCC_NO_COMMON_BLOCKS = YES;
				GCC_WARN_64_TO_32_BIT_CONVERSION = YES;
				GCC_WARN_ABOUT_RETURN_TYPE = YES_ERROR;
				GCC_WARN_UNDECLARED_SELECTOR = YES;
				GCC_WARN_UNINITIALIZED_AUTOS = YES_AGGRESSIVE;
				GCC_WARN_UNUSED_FUNCTION = YES;
				GCC_WARN_UNUSED_VARIABLE = YES;
				IPHONEOS_DEPLOYMENT_TARGET = 17.5;
				LOCALIZATION_PREFERS_STRING_CATALOGS = YES;
				MTL_ENABLE_DEBUG_INFO = NO;
				MTL_FAST_MATH = YES;
				SDKROOT = iphoneos;
				SWIFT_COMPILATION_MODE = wholemodule;
				VALIDATE_PRODUCT = YES;
			};
			name = Release;
		};
		B5D7C82B2C7D88F600C5BE45 /* Debug */ = {
			isa = XCBuildConfiguration;
			buildSettings = {
				ASSETCATALOG_COMPILER_APPICON_NAME = AppIcon;
				ASSETCATALOG_COMPILER_GLOBAL_ACCENT_COLOR_NAME = AccentColor;
				CODE_SIGN_STYLE = Automatic;
				CURRENT_PROJECT_VERSION = 1;
				GENERATE_INFOPLIST_FILE = YES;
				INFOPLIST_FILE = Dvive/Info.plist;
				INFOPLIST_KEY_UIApplicationSupportsIndirectInputEvents = YES;
				INFOPLIST_KEY_UILaunchStoryboardName = LaunchScreen;
				INFOPLIST_KEY_UIMainStoryboardFile = Main;
				INFOPLIST_KEY_UISupportedInterfaceOrientations_iPad = "UIInterfaceOrientationPortrait UIInterfaceOrientationPortraitUpsideDown UIInterfaceOrientationLandscapeLeft UIInterfaceOrientationLandscapeRight";
				INFOPLIST_KEY_UISupportedInterfaceOrientations_iPhone = "UIInterfaceOrientationPortrait UIInterfaceOrientationLandscapeLeft UIInterfaceOrientationLandscapeRight";
				LD_RUNPATH_SEARCH_PATHS = (
					"$(inherited)",
					"@executable_path/Frameworks",
				);
				MARKETING_VERSION = 1.0;
				PRODUCT_BUNDLE_IDENTIFIER = siam.Dvive;
				PRODUCT_NAME = "$(TARGET_NAME)";
				SWIFT_EMIT_LOC_STRINGS = YES;
				SWIFT_VERSION = 5.0;
				TARGETED_DEVICE_FAMILY = "1,2";
			};
			name = Debug;
		};
		B5D7C82C2C7D88F600C5BE45 /* Release */ = {
			isa = XCBuildConfiguration;
			buildSettings = {
				ASSETCATALOG_COMPILER_APPICON_NAME = AppIcon;
				ASSETCATALOG_COMPILER_GLOBAL_ACCENT_COLOR_NAME = AccentColor;
				CODE_SIGN_STYLE = Automatic;
				CURRENT_PROJECT_VERSION = 1;
				GENERATE_INFOPLIST_FILE = YES;
				INFOPLIST_FILE = Dvive/Info.plist;
				INFOPLIST_KEY_UIApplicationSupportsIndirectInputEvents = YES;
				INFOPLIST_KEY_UILaunchStoryboardName = LaunchScreen;
				INFOPLIST_KEY_UIMainStoryboardFile = Main;
				INFOPLIST_KEY_UISupportedInterfaceOrientations_iPad = "UIInterfaceOrientationPortrait UIInterfaceOrientationPortraitUpsideDown UIInterfaceOrientationLandscapeLeft UIInterfaceOrientationLandscapeRight";
				INFOPLIST_KEY_UISupportedInterfaceOrientations_iPhone = "UIInterfaceOrientationPortrait UIInterfaceOrientationLandscapeLeft UIInterfaceOrientationLandscapeRight";
				LD_RUNPATH_SEARCH_PATHS = (
					"$(inherited)",
					"@executable_path/Frameworks",
				);
				MARKETING_VERSION = 1.0;
				PRODUCT_BUNDLE_IDENTIFIER = siam.Dvive;
				PRODUCT_NAME = "$(TARGET_NAME)";
				SWIFT_EMIT_LOC_STRINGS = YES;
				SWIFT_VERSION = 5.0;
				TARGETED_DEVICE_FAMILY = "1,2";
			};
			name = Release;
		};
		B5D7C82E2C7D88F600C5BE45 /* Debug */ = {
			isa = XCBuildConfiguration;
			buildSettings = {
				ALWAYS_EMBED_SWIFT_STANDARD_LIBRARIES = YES;
				BUNDLE_LOADER = "$(TEST_HOST)";
				CODE_SIGN_STYLE = Automatic;
				CURRENT_PROJECT_VERSION = 1;
				GENERATE_INFOPLIST_FILE = YES;
				IPHONEOS_DEPLOYMENT_TARGET = 17.5;
				MARKETING_VERSION = 1.0;
				PRODUCT_BUNDLE_IDENTIFIER = siam.DviveTests;
				PRODUCT_NAME = "$(TARGET_NAME)";
				SWIFT_EMIT_LOC_STRINGS = NO;
				SWIFT_VERSION = 5.0;
				TARGETED_DEVICE_FAMILY = "1,2";
				TEST_HOST = "$(BUILT_PRODUCTS_DIR)/Dvive.app/$(BUNDLE_EXECUTABLE_FOLDER_PATH)/Dvive";
			};
			name = Debug;
		};
		B5D7C82F2C7D88F600C5BE45 /* Release */ = {
			isa = XCBuildConfiguration;
			buildSettings = {
				ALWAYS_EMBED_SWIFT_STANDARD_LIBRARIES = YES;
				BUNDLE_LOADER = "$(TEST_HOST)";
				CODE_SIGN_STYLE = Automatic;
				CURRENT_PROJECT_VERSION = 1;
				GENERATE_INFOPLIST_FILE = YES;
				IPHONEOS_DEPLOYMENT_TARGET = 17.5;
				MARKETING_VERSION = 1.0;
				PRODUCT_BUNDLE_IDENTIFIER = siam.DviveTests;
				PRODUCT_NAME = "$(TARGET_NAME)";
				SWIFT_EMIT_LOC_STRINGS = NO;
				SWIFT_VERSION = 5.0;
				TARGETED_DEVICE_FAMILY = "1,2";
				TEST_HOST = "$(BUILT_PRODUCTS_DIR)/Dvive.app/$(BUNDLE_EXECUTABLE_FOLDER_PATH)/Dvive";
			};
			name = Release;
		};
		B5D7C8312C7D88F600C5BE45 /* Debug */ = {
			isa = XCBuildConfiguration;
			buildSettings = {
				ALWAYS_EMBED_SWIFT_STANDARD_LIBRARIES = YES;
				CODE_SIGN_STYLE = Automatic;
				CURRENT_PROJECT_VERSION = 1;
				GENERATE_INFOPLIST_FILE = YES;
				MARKETING_VERSION = 1.0;
				PRODUCT_BUNDLE_IDENTIFIER = siam.DviveUITests;
				PRODUCT_NAME = "$(TARGET_NAME)";
				SWIFT_EMIT_LOC_STRINGS = NO;
				SWIFT_VERSION = 5.0;
				TARGETED_DEVICE_FAMILY = "1,2";
				TEST_TARGET_NAME = Dvive;
			};
			name = Debug;
		};
		B5D7C8322C7D88F600C5BE45 /* Release */ = {
			isa = XCBuildConfiguration;
			buildSettings = {
				ALWAYS_EMBED_SWIFT_STANDARD_LIBRARIES = YES;
				CODE_SIGN_STYLE = Automatic;
				CURRENT_PROJECT_VERSION = 1;
				GENERATE_INFOPLIST_FILE = YES;
				MARKETING_VERSION = 1.0;
				PRODUCT_BUNDLE_IDENTIFIER = siam.DviveUITests;
				PRODUCT_NAME = "$(TARGET_NAME)";
				SWIFT_EMIT_LOC_STRINGS = NO;
				SWIFT_VERSION = 5.0;
				TARGETED_DEVICE_FAMILY = "1,2";
				TEST_TARGET_NAME = Dvive;
			};
			name = Release;
		};
/* End XCBuildConfiguration section */

/* Begin XCConfigurationList section */
		B5D7C7FB2C7D88F500C5BE45 /* Build configuration list for PBXProject "Dvive" */ = {
			isa = XCConfigurationList;
			buildConfigurations = (
				B5D7C8282C7D88F600C5BE45 /* Debug */,
				B5D7C8292C7D88F600C5BE45 /* Release */,
			);
			defaultConfigurationIsVisible = 0;
			defaultConfigurationName = Release;
		};
		B5D7C82A2C7D88F600C5BE45 /* Build configuration list for PBXNativeTarget "Dvive" */ = {
			isa = XCConfigurationList;
			buildConfigurations = (
				B5D7C82B2C7D88F600C5BE45 /* Debug */,
				B5D7C82C2C7D88F600C5BE45 /* Release */,
			);
			defaultConfigurationIsVisible = 0;
			defaultConfigurationName = Release;
		};
		B5D7C82D2C7D88F600C5BE45 /* Build configuration list for PBXNativeTarget "DviveTests" */ = {
			isa = XCConfigurationList;
			buildConfigurations = (
				B5D7C82E2C7D88F600C5BE45 /* Debug */,
				B5D7C82F2C7D88F600C5BE45 /* Release */,
			);
			defaultConfigurationIsVisible = 0;
			defaultConfigurationName = Release;
		};
		B5D7C8302C7D88F600C5BE45 /* Build configuration list for PBXNativeTarget "DviveUITests" */ = {
			isa = XCConfigurationList;
			buildConfigurations = (
				B5D7C8312C7D88F600C5BE45 /* Debug */,
				B5D7C8322C7D88F600C5BE45 /* Release */,
			);
			defaultConfigurationIsVisible = 0;
			defaultConfigurationName = Release;
		};
/* End XCConfigurationList section */
	};
	rootObject = B5D7C7F82C7D88F500C5BE45 /* Project object */;
}
